
Microsoft Visual Studio Solution File, Format Version 12.00
# Visual Studio Version 16
VisualStudioVersion = 16.0.30711.63
MinimumVisualStudioVersion = 10.0.40219.1
Project("{FAE04EC0-301F-11D3-BF4B-00C04F79EFBC}") = "ExampleConsoleApp", "ExampleConsoleApp\ExampleConsoleApp.csproj", "{5759C3F8-6148-454F-B1BD-DD1C595DD627}"
EndProject
Global
	GlobalSection(SolutionConfigurationPlatforms) = preSolution
		Debug|Any CPU = Debug|Any CPU
		Release|Any CPU = Release|Any CPU
	EndGlobalSection
	GlobalSection(ProjectConfigurationPlatforms) = postSolution
		{5759C3F8-6148-454F-B1BD-DD1C595DD627}.Debug|Any CPU.ActiveCfg = Debug|Any CPU
		{5759C3F8-6148-454F-B1BD-DD1C595DD627}.Debug|Any CPU.Build.0 = Debug|Any CPU
		{5759C3F8-6148-454F-B1BD-DD1C595DD627}.Release|Any CPU.ActiveCfg = Release|Any CPU
		{5759C3F8-6148-454F-B1BD-DD1C595DD627}.Release|Any CPU.Build.0 = Release|Any CPU
	EndGlobalSection
	GlobalSection(SolutionProperties) = preSolution
		HideSolutionNode = FALSE
	EndGlobalSection
	GlobalSection(ExtensibilityGlobals) = postSolution
		SolutionGuid = {83A42A57-73D8-45A8-9A5F-C0F8B865EB57}
	EndGlobalSection
EndGlobal
